// !$*UTF8*$!
{
	archiveVersion = 1;
	classes = {
	};
	objectVersion = 55;
	objects = {

/* Begin PBXBuildFile section */
		6A0BC31B27FCAF0A00745B0A /* _final_auto_extreme____App.swift in Sources */ = {isa = PBXBuildFile; fileRef = 6A0BC31A27FCAF0A00745B0A /* _final_auto_extreme____App.swift */; };
		6A0BC31D27FCAF0A00745B0A /* CarsPartList.swift in Sources */ = {isa = PBXBuildFile; fileRef = 6A0BC31C27FCAF0A00745B0A /* CarsPartList.swift */; };
		6A0BC31F27FCAF0B00745B0A /* Assets.xcassets in Resources */ = {isa = PBXBuildFile; fileRef = 6A0BC31E27FCAF0B00745B0A /* Assets.xcassets */; };
		6A0BC32227FCAF0B00745B0A /* Preview Assets.xcassets in Resources */ = {isa = PBXBuildFile; fileRef = 6A0BC32127FCAF0B00745B0A /* Preview Assets.xcassets */; };
		6A0BC32C27FCAF0B00745B0A /* _final_auto_extreme____Tests.swift in Sources */ = {isa = PBXBuildFile; fileRef = 6A0BC32B27FCAF0B00745B0A /* _final_auto_extreme____Tests.swift */; };
		6A0BC33627FCAF0B00745B0A /* _final_auto_extreme____UITests.swift in Sources */ = {isa = PBXBuildFile; fileRef = 6A0BC33527FCAF0B00745B0A /* _final_auto_extreme____UITests.swift */; };
		6A0BC33827FCAF0B00745B0A /* _final_auto_extreme____UITestsLaunchTests.swift in Sources */ = {isa = PBXBuildFile; fileRef = 6A0BC33727FCAF0B00745B0A /* _final_auto_extreme____UITestsLaunchTests.swift */; };
/* End PBXBuildFile section */

/* Begin PBXContainerItemProxy section */
		6A0BC32827FCAF0B00745B0A /* PBXContainerItemProxy */ = {
			isa = PBXContainerItemProxy;
			containerPortal = 6A0BC30F27FCAF0A00745B0A /* Project object */;
			proxyType = 1;
			remoteGlobalIDString = 6A0BC31627FCAF0A00745B0A;
			remoteInfo = "(final auto extreme)!!!";
		};
		6A0BC33227FCAF0B00745B0A /* PBXContainerItemProxy */ = {
			isa = PBXContainerItemProxy;
			containerPortal = 6A0BC30F27FCAF0A00745B0A /* Project object */;
			proxyType = 1;
			remoteGlobalIDString = 6A0BC31627FCAF0A00745B0A;
			remoteInfo = "(final auto extreme)!!!";
		};
/* End PBXContainerItemProxy section */

/* Begin PBXFileReference section */
		6A0BC31727FCAF0A00745B0A /* (final auto extreme)!!!.app */ = {isa = PBXFileReference; explicitFileType = wrapper.application; includeInIndex = 0; path = "(final auto extreme)!!!.app"; sourceTree = BUILT_PRODUCTS_DIR; };
		6A0BC31A27FCAF0A00745B0A /* _final_auto_extreme____App.swift */ = {isa = PBXFileReference; lastKnownFileType = sourcecode.swift; path = "_final_auto_extreme____App.swift"; sourceTree = "<group>"; };
		6A0BC31C27FCAF0A00745B0A /* CarsPartList.swift */ = {isa = PBXFileReference; lastKnownFileType = sourcecode.swift; path = CarsPartList.swift; sourceTree = "<group>"; };
		6A0BC31E27FCAF0B00745B0A /* Assets.xcassets */ = {isa = PBXFileReference; lastKnownFileType = folder.assetcatalog; path = Assets.xcassets; sourceTree = "<group>"; };
		6A0BC32127FCAF0B00745B0A /* Preview Assets.xcassets */ = {isa = PBXFileReference; lastKnownFileType = folder.assetcatalog; path = "Preview Assets.xcassets"; sourceTree = "<group>"; };
		6A0BC32727FCAF0B00745B0A /* (final auto extreme)!!!Tests.xctest */ = {isa = PBXFileReference; explicitFileType = wrapper.cfbundle; includeInIndex = 0; path = "(final auto extreme)!!!Tests.xctest"; sourceTree = BUILT_PRODUCTS_DIR; };
		6A0BC32B27FCAF0B00745B0A /* _final_auto_extreme____Tests.swift */ = {isa = PBXFileReference; lastKnownFileType = sourcecode.swift; path = "_final_auto_extreme____Tests.swift"; sourceTree = "<group>"; };
		6A0BC33127FCAF0B00745B0A /* (final auto extreme)!!!UITests.xctest */ = {isa = PBXFileReference; explicitFileType = wrapper.cfbundle; includeInIndex = 0; path = "(final auto extreme)!!!UITests.xctest"; sourceTree = BUILT_PRODUCTS_DIR; };
		6A0BC33527FCAF0B00745B0A /* _final_auto_extreme____UITests.swift */ = {isa = PBXFileReference; lastKnownFileType = sourcecode.swift; path = "_final_auto_extreme____UITests.swift"; sourceTree = "<group>"; };
		6A0BC33727FCAF0B00745B0A /* _final_auto_extreme____UITestsLaunchTests.swift */ = {isa = PBXFileReference; lastKnownFileType = sourcecode.swift; path = "_final_auto_extreme____UITestsLaunchTests.swift"; sourceTree = "<group>"; };
/* End PBXFileReference section */

/* Begin PBXFrameworksBuildPhase section */
		6A0BC31427FCAF0A00745B0A /* Frameworks */ = {
			isa = PBXFrameworksBuildPhase;
			buildActionMask = 2147483647;
			files = (
			);
			runOnlyForDeploymentPostprocessing = 0;
		};
		6A0BC32427FCAF0B00745B0A /* Frameworks */ = {
			isa = PBXFrameworksBuildPhase;
			buildActionMask = 2147483647;
			files = (
			);
			runOnlyForDeploymentPostprocessing = 0;
		};
		6A0BC32E27FCAF0B00745B0A /* Frameworks */ = {
			isa = PBXFrameworksBuildPhase;
			buildActionMask = 2147483647;
			files = (
			);
			runOnlyForDeploymentPostprocessing = 0;
		};
/* End PBXFrameworksBuildPhase section */

/* Begin PBXGroup section */
		6A0BC30E27FCAF0A00745B0A = {
			isa = PBXGroup;
			children = (
				6A0BC31927FCAF0A00745B0A /* (final auto extreme)!!! */,
				6A0BC32A27FCAF0B00745B0A /* (final auto extreme)!!!Tests */,
				6A0BC33427FCAF0B00745B0A /* (final auto extreme)!!!UITests */,
				6A0BC31827FCAF0A00745B0A /* Products */,
			);
			sourceTree = "<group>";
		};
		6A0BC31827FCAF0A00745B0A /* Products */ = {
			isa = PBXGroup;
			children = (
				6A0BC31727FCAF0A00745B0A /* (final auto extreme)!!!.app */,
				6A0BC32727FCAF0B00745B0A /* (final auto extreme)!!!Tests.xctest */,
				6A0BC33127FCAF0B00745B0A /* (final auto extreme)!!!UITests.xctest */,
			);
			name = Products;
			sourceTree = "<group>";
		};
		6A0BC31927FCAF0A00745B0A /* (final auto extreme)!!! */ = {
			isa = PBXGroup;
			children = (
				6A0BC31A27FCAF0A00745B0A /* _final_auto_extreme____App.swift */,
				6A0BC31C27FCAF0A00745B0A /* CarsPartList.swift */,
				6A0BC31E27FCAF0B00745B0A /* Assets.xcassets */,
				6A0BC32027FCAF0B00745B0A /* Preview Content */,
			);
			path = "(final auto extreme)!!!";
			sourceTree = "<group>";
		};
		6A0BC32027FCAF0B00745B0A /* Preview Content */ = {
			isa = PBXGroup;
			children = (
				6A0BC32127FCAF0B00745B0A /* Preview Assets.xcassets */,
			);
			path = "Preview Content";
			sourceTree = "<group>";
		};
		6A0BC32A27FCAF0B00745B0A /* (final auto extreme)!!!Tests */ = {
			isa = PBXGroup;
			children = (
				6A0BC32B27FCAF0B00745B0A /* _final_auto_extreme____Tests.swift */,
			);
			path = "(final auto extreme)!!!Tests";
			sourceTree = "<group>";
		};
		6A0BC33427FCAF0B00745B0A /* (final auto extreme)!!!UITests */ = {
			isa = PBXGroup;
			children = (
				6A0BC33527FCAF0B00745B0A /* _final_auto_extreme____UITests.swift */,
				6A0BC33727FCAF0B00745B0A /* _final_auto_extreme____UITestsLaunchTests.swift */,
			);
			path = "(final auto extreme)!!!UITests";
			sourceTree = "<group>";
		};
/* End PBXGroup section */

/* Begin PBXNativeTarget section */
		6A0BC31627FCAF0A00745B0A /* (final auto extreme)!!! */ = {
			isa = PBXNativeTarget;
			buildConfigurationList = 6A0BC33B27FCAF0B00745B0A /* Build configuration list for PBXNativeTarget "(final auto extreme)!!!" */;
			buildPhases = (
				6A0BC31327FCAF0A00745B0A /* Sources */,
				6A0BC31427FCAF0A00745B0A /* Frameworks */,
				6A0BC31527FCAF0A00745B0A /* Resources */,
			);
			buildRules = (
			);
			dependencies = (
			);
			name = "(final auto extreme)!!!";
			productName = "(final auto extreme)!!!";
			productReference = 6A0BC31727FCAF0A00745B0A /* (final auto extreme)!!!.app */;
			productType = "com.apple.product-type.application";
		};
		6A0BC32627FCAF0B00745B0A /* (final auto extreme)!!!Tests */ = {
			isa = PBXNativeTarget;
			buildConfigurationList = 6A0BC33E27FCAF0B00745B0A /* Build configuration list for PBXNativeTarget "(final auto extreme)!!!Tests" */;
			buildPhases = (
				6A0BC32327FCAF0B00745B0A /* Sources */,
				6A0BC32427FCAF0B00745B0A /* Frameworks */,
				6A0BC32527FCAF0B00745B0A /* Resources */,
			);
			buildRules = (
			);
			dependencies = (
				6A0BC32927FCAF0B00745B0A /* PBXTargetDependency */,
			);
			name = "(final auto extreme)!!!Tests";
			productName = "(final auto extreme)!!!Tests";
			productReference = 6A0BC32727FCAF0B00745B0A /* (final auto extreme)!!!Tests.xctest */;
			productType = "com.apple.product-type.bundle.unit-test";
		};
		6A0BC33027FCAF0B00745B0A /* (final auto extreme)!!!UITests */ = {
			isa = PBXNativeTarget;
			buildConfigurationList = 6A0BC34127FCAF0B00745B0A /* Build configuration list for PBXNativeTarget "(final auto extreme)!!!UITests" */;
			buildPhases = (
				6A0BC32D27FCAF0B00745B0A /* Sources */,
				6A0BC32E27FCAF0B00745B0A /* Frameworks */,
				6A0BC32F27FCAF0B00745B0A /* Resources */,
			);
			buildRules = (
			);
			dependencies = (
				6A0BC33327FCAF0B00745B0A /* PBXTargetDependency */,
			);
			name = "(final auto extreme)!!!UITests";
			productName = "(final auto extreme)!!!UITests";
			productReference = 6A0BC33127FCAF0B00745B0A /* (final auto extreme)!!!UITests.xctest */;
			productType = "com.apple.product-type.bundle.ui-testing";
		};
/* End PBXNativeTarget section */

/* Begin PBXProject section */
		6A0BC30F27FCAF0A00745B0A /* Project object */ = {
			isa = PBXProject;
			attributes = {
				BuildIndependentTargetsInParallel = 1;
				LastSwiftUpdateCheck = 1330;
				LastUpgradeCheck = 1330;
				TargetAttributes = {
					6A0BC31627FCAF0A00745B0A = {
						CreatedOnToolsVersion = 13.3;
					};
					6A0BC32627FCAF0B00745B0A = {
						CreatedOnToolsVersion = 13.3;
						TestTargetID = 6A0BC31627FCAF0A00745B0A;
					};
					6A0BC33027FCAF0B00745B0A = {
						CreatedOnToolsVersion = 13.3;
						TestTargetID = 6A0BC31627FCAF0A00745B0A;
					};
				};
			};
			buildConfigurationList = 6A0BC31227FCAF0A00745B0A /* Build configuration list for PBXProject "(final auto extreme)!!!" */;
			compatibilityVersion = "Xcode 13.0";
			developmentRegion = en;
			hasScannedForEncodings = 0;
			knownRegions = (
				en,
				Base,
			);
			mainGroup = 6A0BC30E27FCAF0A00745B0A;
			productRefGroup = 6A0BC31827FCAF0A00745B0A /* Products */;
			projectDirPath = "";
			projectRoot = "";
			targets = (
				6A0BC31627FCAF0A00745B0A /* (final auto extreme)!!! */,
				6A0BC32627FCAF0B00745B0A /* (final auto extreme)!!!Tests */,
				6A0BC33027FCAF0B00745B0A /* (final auto extreme)!!!UITests */,
			);
		};
/* End PBXProject section */

/* Begin PBXResourcesBuildPhase section */
		6A0BC31527FCAF0A00745B0A /* Resources */ = {
			isa = PBXResourcesBuildPhase;
			buildActionMask = 2147483647;
			files = (
				6A0BC32227FCAF0B00745B0A /* Preview Assets.xcassets in Resources */,
				6A0BC31F27FCAF0B00745B0A /* Assets.xcassets in Resources */,
			);
			runOnlyForDeploymentPostprocessing = 0;
		};
		6A0BC32527FCAF0B00745B0A /* Resources */ = {
			isa = PBXResourcesBuildPhase;
			buildActionMask = 2147483647;
			files = (
			);
			runOnlyForDeploymentPostprocessing = 0;
		};
		6A0BC32F27FCAF0B00745B0A /* Resources */ = {
			isa = PBXResourcesBuildPhase;
			buildActionMask = 2147483647;
			files = (
			);
			runOnlyForDeploymentPostprocessing = 0;
		};
/* End PBXResourcesBuildPhase section */

/* Begin PBXSourcesBuildPhase section */
		6A0BC31327FCAF0A00745B0A /* Sources */ = {
			isa = PBXSourcesBuildPhase;
			buildActionMask = 2147483647;
			files = (
				6A0BC31D27FCAF0A00745B0A /* CarsPartList.swift in Sources */,
				6A0BC31B27FCAF0A00745B0A /* _final_auto_extreme____App.swift in Sources */,
			);
			runOnlyForDeploymentPostprocessing = 0;
		};
		6A0BC32327FCAF0B00745B0A /* Sources */ = {
			isa = PBXSourcesBuildPhase;
			buildActionMask = 2147483647;
			files = (
				6A0BC32C27FCAF0B00745B0A /* _final_auto_extreme____Tests.swift in Sources */,
			);
			runOnlyForDeploymentPostprocessing = 0;
		};
		6A0BC32D27FCAF0B00745B0A /* Sources */ = {
			isa = PBXSourcesBuildPhase;
			buildActionMask = 2147483647;
			files = (
				6A0BC33627FCAF0B00745B0A /* _final_auto_extreme____UITests.swift in Sources */,
				6A0BC33827FCAF0B00745B0A /* _final_auto_extreme____UITestsLaunchTests.swift in Sources */,
			);
			runOnlyForDeploymentPostprocessing = 0;
		};
/* End PBXSourcesBuildPhase section */

/* Begin PBXTargetDependency section */
		6A0BC32927FCAF0B00745B0A /* PBXTargetDependency */ = {
			isa = PBXTargetDependency;
			target = 6A0BC31627FCAF0A00745B0A /* (final auto extreme)!!! */;
			targetProxy = 6A0BC32827FCAF0B00745B0A /* PBXContainerItemProxy */;
		};
		6A0BC33327FCAF0B00745B0A /* PBXTargetDependency */ = {
			isa = PBXTargetDependency;
			target = 6A0BC31627FCAF0A00745B0A /* (final auto extreme)!!! */;
			targetProxy = 6A0BC33227FCAF0B00745B0A /* PBXContainerItemProxy */;
		};
/* End PBXTargetDependency section */

/* Begin XCBuildConfiguration section */
		6A0BC33927FCAF0B00745B0A /* Debug */ = {
			isa = XCBuildConfiguration;
			buildSettings = {
				ALWAYS_SEARCH_USER_PATHS = NO;
				CLANG_ANALYZER_NONNULL = YES;
				CLANG_ANALYZER_NUMBER_OBJECT_CONVERSION = YES_AGGRESSIVE;
				CLANG_CXX_LANGUAGE_STANDARD = "gnu++17";
				CLANG_ENABLE_MODULES = YES;
				CLANG_ENABLE_OBJC_ARC = YES;
				CLANG_ENABLE_OBJC_WEAK = YES;
				CLANG_WARN_BLOCK_CAPTURE_AUTORELEASING = YES;
				CLANG_WARN_BOOL_CONVERSION = YES;
				CLANG_WARN_COMMA = YES;
				CLANG_WARN_CONSTANT_CONVERSION = YES;
				CLANG_WARN_DEPRECATED_OBJC_IMPLEMENTATIONS = YES;
				CLANG_WARN_DIRECT_OBJC_ISA_USAGE = YES_ERROR;
				CLANG_WARN_DOCUMENTATION_COMMENTS = YES;
				CLANG_WARN_EMPTY_BODY = YES;
				CLANG_WARN_ENUM_CONVERSION = YES;
				CLANG_WARN_INFINITE_RECURSION = YES;
				CLANG_WARN_INT_CONVERSION = YES;
				CLANG_WARN_NON_LITERAL_NULL_CONVERSION = YES;
				CLANG_WARN_OBJC_IMPLICIT_RETAIN_SELF = YES;
				CLANG_WARN_OBJC_LITERAL_CONVERSION = YES;
				CLANG_WARN_OBJC_ROOT_CLASS = YES_ERROR;
				CLANG_WARN_QUOTED_INCLUDE_IN_FRAMEWORK_HEADER = YES;
				CLANG_WARN_RANGE_LOOP_ANALYSIS = YES;
				CLANG_WARN_STRICT_PROTOTYPES = YES;
				CLANG_WARN_SUSPICIOUS_MOVE = YES;
				CLANG_WARN_UNGUARDED_AVAILABILITY = YES_AGGRESSIVE;
				CLANG_WARN_UNREACHABLE_CODE = YES;
				CLANG_WARN__DUPLICATE_METHOD_MATCH = YES;
				COPY_PHASE_STRIP = NO;
				DEBUG_INFORMATION_FORMAT = dwarf;
				ENABLE_STRICT_OBJC_MSGSEND = YES;
				ENABLE_TESTABILITY = YES;
				GCC_C_LANGUAGE_STANDARD = gnu11;
				GCC_DYNAMIC_NO_PIC = NO;
				GCC_NO_COMMON_BLOCKS = YES;
				GCC_OPTIMIZATION_LEVEL = 0;
				GCC_PREPROCESSOR_DEFINITIONS = (
					"DEBUG=1",
					"$(inherited)",
				);
				GCC_WARN_64_TO_32_BIT_CONVERSION = YES;
				GCC_WARN_ABOUT_RETURN_TYPE = YES_ERROR;
				GCC_WARN_UNDECLARED_SELECTOR = YES;
				GCC_WARN_UNINITIALIZED_AUTOS = YES_AGGRESSIVE;
				GCC_WARN_UNUSED_FUNCTION = YES;
				GCC_WARN_UNUSED_VARIABLE = YES;
				IPHONEOS_DEPLOYMENT_TARGET = 15.4;
				MTL_ENABLE_DEBUG_INFO = INCLUDE_SOURCE;
				MTL_FAST_MATH = YES;
				ONLY_ACTIVE_ARCH = YES;
				SDKROOT = iphoneos;
				SWIFT_ACTIVE_COMPILATION_CONDITIONS = DEBUG;
				SWIFT_OPTIMIZATION_LEVEL = "-Onone";
			};
			name = Debug;
		};
		6A0BC33A27FCAF0B00745B0A /* Release */ = {
			isa = XCBuildConfiguration;
			buildSettings = {
				ALWAYS_SEARCH_USER_PATHS = NO;
				CLANG_ANALYZER_NONNULL = YES;
				CLANG_ANALYZER_NUMBER_OBJECT_CONVERSION = YES_AGGRESSIVE;
				CLANG_CXX_LANGUAGE_STANDARD = "gnu++17";
				CLANG_ENABLE_MODULES = YES;
				CLANG_ENABLE_OBJC_ARC = YES;
				CLANG_ENABLE_OBJC_WEAK = YES;
				CLANG_WARN_BLOCK_CAPTURE_AUTORELEASING = YES;
				CLANG_WARN_BOOL_CONVERSION = YES;
				CLANG_WARN_COMMA = YES;
				CLANG_WARN_CONSTANT_CONVERSION = YES;
				CLANG_WARN_DEPRECATED_OBJC_IMPLEMENTATIONS = YES;
				CLANG_WARN_DIRECT_OBJC_ISA_USAGE = YES_ERROR;
				CLANG_WARN_DOCUMENTATION_COMMENTS = YES;
				CLANG_WARN_EMPTY_BODY = YES;
				CLANG_WARN_ENUM_CONVERSION = YES;
				CLANG_WARN_INFINITE_RECURSION = YES;
				CLANG_WARN_INT_CONVERSION = YES;
				CLANG_WARN_NON_LITERAL_NULL_CONVERSION = YES;
				CLANG_WARN_OBJC_IMPLICIT_RETAIN_SELF = YES;
				CLANG_WARN_OBJC_LITERAL_CONVERSION = YES;
				CLANG_WARN_OBJC_ROOT_CLASS = YES_ERROR;
				CLANG_WARN_QUOTED_INCLUDE_IN_FRAMEWORK_HEADER = YES;
				CLANG_WARN_RANGE_LOOP_ANALYSIS = YES;
				CLANG_WARN_STRICT_PROTOTYPES = YES;
				CLANG_WARN_SUSPICIOUS_MOVE = YES;
				CLANG_WARN_UNGUARDED_AVAILABILITY = YES_AGGRESSIVE;
				CLANG_WARN_UNREACHABLE_CODE = YES;
				CLANG_WARN__DUPLICATE_METHOD_MATCH = YES;
				COPY_PHASE_STRIP = NO;
				DEBUG_INFORMATION_FORMAT = "dwarf-with-dsym";
				ENABLE_NS_ASSERTIONS = NO;
				ENABLE_STRICT_OBJC_MSGSEND = YES;
				GCC_C_LANGUAGE_STANDARD = gnu11;
				GCC_NO_COMMON_BLOCKS = YES;
				GCC_WARN_64_TO_32_BIT_CONVERSION = YES;
				GCC_WARN_ABOUT_RETURN_TYPE = YES_ERROR;
				GCC_WARN_UNDECLARED_SELECTOR = YES;
				GCC_WARN_UNINITIALIZED_AUTOS = YES_AGGRESSIVE;
				GCC_WARN_UNUSED_FUNCTION = YES;
				GCC_WARN_UNUSED_VARIABLE = YES;
				IPHONEOS_DEPLOYMENT_TARGET = 15.4;
				MTL_ENABLE_DEBUG_INFO = NO;
				MTL_FAST_MATH = YES;
				SDKROOT = iphoneos;
				SWIFT_COMPILATION_MODE = wholemodule;
				SWIFT_OPTIMIZATION_LEVEL = "-O";
				VALIDATE_PRODUCT = YES;
			};
			name = Release;
		};
		6A0BC33C27FCAF0B00745B0A /* Debug */ = {
			isa = XCBuildConfiguration;
			buildSettings = {
				ASSETCATALOG_COMPILER_APPICON_NAME = AppIcon;
				ASSETCATALOG_COMPILER_GLOBAL_ACCENT_COLOR_NAME = AccentColor;
				CODE_SIGN_STYLE = Automatic;
				CURRENT_PROJECT_VERSION = 1;
				DEVELOPMENT_ASSET_PATHS = "\"(final auto extreme)!!!/Preview Content\"";
				ENABLE_PREVIEWS = YES;
				GENERATE_INFOPLIST_FILE = YES;
				INFOPLIST_KEY_UIApplicationSceneManifest_Generation = YES;
				INFOPLIST_KEY_UIApplicationSupportsIndirectInputEvents = YES;
				INFOPLIST_KEY_UILaunchScreen_Generation = YES;
				INFOPLIST_KEY_UISupportedInterfaceOrientations_iPad = "UIInterfaceOrientationPortrait UIInterfaceOrientationPortraitUpsideDown UIInterfaceOrientationLandscapeLeft UIInterfaceOrientationLandscapeRight";
				INFOPLIST_KEY_UISupportedInterfaceOrientations_iPhone = "UIInterfaceOrientationPortrait UIInterfaceOrientationLandscapeLeft UIInterfaceOrientationLandscapeRight";
				LD_RUNPATH_SEARCH_PATHS = (
					"$(inherited)",
					"@executable_path/Frameworks",
				);
				MARKETING_VERSION = 1.0;
				PRODUCT_BUNDLE_IDENTIFIER = "abdulaziz-alhouti.-final-auto-extreme----";
				PRODUCT_NAME = "$(TARGET_NAME)";
				SWIFT_EMIT_LOC_STRINGS = YES;
				SWIFT_VERSION = 5.0;
				TARGETED_DEVICE_FAMILY = "1,2";
			};
			name = Debug;
		};
		6A0BC33D27FCAF0B00745B0A /* Release */ = {
			isa = XCBuildConfiguration;
			buildSettings = {
				ASSETCATALOG_COMPILER_APPICON_NAME = AppIcon;
				ASSETCATALOG_COMPILER_GLOBAL_ACCENT_COLOR_NAME = AccentColor;
				CODE_SIGN_STYLE = Automatic;
				CURRENT_PROJECT_VERSION = 1;
				DEVELOPMENT_ASSET_PATHS = "\"(final auto extreme)!!!/Preview Content\"";
				ENABLE_PREVIEWS = YES;
				GENERATE_INFOPLIST_FILE = YES;
				INFOPLIST_KEY_UIApplicationSceneManifest_Generation = YES;
				INFOPLIST_KEY_UIApplicationSupportsIndirectInputEvents = YES;
				INFOPLIST_KEY_UILaunchScreen_Generation = YES;
				INFOPLIST_KEY_UISupportedInterfaceOrientations_iPad = "UIInterfaceOrientationPortrait UIInterfaceOrientationPortraitUpsideDown UIInterfaceOrientationLandscapeLeft UIInterfaceOrientationLandscapeRight";
				INFOPLIST_KEY_UISupportedInterfaceOrientations_iPhone = "UIInterfaceOrientationPortrait UIInterfaceOrientationLandscapeLeft UIInterfaceOrientationLandscapeRight";
				LD_RUNPATH_SEARCH_PATHS = (
					"$(inherited)",
					"@executable_path/Frameworks",
				);
				MARKETING_VERSION = 1.0;
				PRODUCT_BUNDLE_IDENTIFIER = "abdulaziz-alhouti.-final-auto-extreme----";
				PRODUCT_NAME = "$(TARGET_NAME)";
				SWIFT_EMIT_LOC_STRINGS = YES;
				SWIFT_VERSION = 5.0;
				TARGETED_DEVICE_FAMILY = "1,2";
			};
			name = Release;
		};
		6A0BC33F27FCAF0B00745B0A /* Debug */ = {
			isa = XCBuildConfiguration;
			buildSettings = {
				ALWAYS_EMBED_SWIFT_STANDARD_LIBRARIES = YES;
				BUNDLE_LOADER = "$(TEST_HOST)";
				CODE_SIGN_STYLE = Automatic;
				CURRENT_PROJECT_VERSION = 1;
				GENERATE_INFOPLIST_FILE = YES;
				IPHONEOS_DEPLOYMENT_TARGET = 15.4;
				MARKETING_VERSION = 1.0;
				PRODUCT_BUNDLE_IDENTIFIER = "abdulaziz-alhouti.-final-auto-extreme----Tests";
				PRODUCT_NAME = "$(TARGET_NAME)";
				SWIFT_EMIT_LOC_STRINGS = NO;
				SWIFT_VERSION = 5.0;
				TARGETED_DEVICE_FAMILY = "1,2";
				TEST_HOST = "$(BUILT_PRODUCTS_DIR)/(final auto extreme)!!!.app/(final auto extreme)!!!";
			};
			name = Debug;
		};
		6A0BC34027FCAF0B00745B0A /* Release */ = {
			isa = XCBuildConfiguration;
			buildSettings = {
				ALWAYS_EMBED_SWIFT_STANDARD_LIBRARIES = YES;
				BUNDLE_LOADER = "$(TEST_HOST)";
				CODE_SIGN_STYLE = Automatic;
				CURRENT_PROJECT_VERSION = 1;
				GENERATE_INFOPLIST_FILE = YES;
				IPHONEOS_DEPLOYMENT_TARGET = 15.4;
				MARKETING_VERSION = 1.0;
				PRODUCT_BUNDLE_IDENTIFIER = "abdulaziz-alhouti.-final-auto-extreme----Tests";
				PRODUCT_NAME = "$(TARGET_NAME)";
				SWIFT_EMIT_LOC_STRINGS = NO;
				SWIFT_VERSION = 5.0;
				TARGETED_DEVICE_FAMILY = "1,2";
				TEST_HOST = "$(BUILT_PRODUCTS_DIR)/(final auto extreme)!!!.app/(final auto extreme)!!!";
			};
			name = Release;
		};
		6A0BC34227FCAF0B00745B0A /* Debug */ = {
			isa = XCBuildConfiguration;
			buildSettings = {
				ALWAYS_EMBED_SWIFT_STANDARD_LIBRARIES = YES;
				CODE_SIGN_STYLE = Automatic;
				CURRENT_PROJECT_VERSION = 1;
				GENERATE_INFOPLIST_FILE = YES;
				MARKETING_VERSION = 1.0;
				PRODUCT_BUNDLE_IDENTIFIER = "abdulaziz-alhouti.-final-auto-extreme----UITests";
				PRODUCT_NAME = "$(TARGET_NAME)";
				SWIFT_EMIT_LOC_STRINGS = NO;
				SWIFT_VERSION = 5.0;
				TARGETED_DEVICE_FAMILY = "1,2";
				TEST_TARGET_NAME = "(final auto extreme)!!!";
			};
			name = Debug;
		};
		6A0BC34327FCAF0B00745B0A /* Release */ = {
			isa = XCBuildConfiguration;
			buildSettings = {
				ALWAYS_EMBED_SWIFT_STANDARD_LIBRARIES = YES;
				CODE_SIGN_STYLE = Automatic;
				CURRENT_PROJECT_VERSION = 1;
				GENERATE_INFOPLIST_FILE = YES;
				MARKETING_VERSION = 1.0;
				PRODUCT_BUNDLE_IDENTIFIER = "abdulaziz-alhouti.-final-auto-extreme----UITests";
				PRODUCT_NAME = "$(TARGET_NAME)";
				SWIFT_EMIT_LOC_STRINGS = NO;
				SWIFT_VERSION = 5.0;
				TARGETED_DEVICE_FAMILY = "1,2";
				TEST_TARGET_NAME = "(final auto extreme)!!!";
			};
			name = Release;
		};
/* End XCBuildConfiguration section */

/* Begin XCConfigurationList section */
		6A0BC31227FCAF0A00745B0A /* Build configuration list for PBXProject "(final auto extreme)!!!" */ = {
			isa = XCConfigurationList;
			buildConfigurations = (
				6A0BC33927FCAF0B00745B0A /* Debug */,
				6A0BC33A27FCAF0B00745B0A /* Release */,
			);
			defaultConfigurationIsVisible = 0;
			defaultConfigurationName = Release;
		};
		6A0BC33B27FCAF0B00745B0A /* Build configuration list for PBXNativeTarget "(final auto extreme)!!!" */ = {
			isa = XCConfigurationList;
			buildConfigurations = (
				6A0BC33C27FCAF0B00745B0A /* Debug */,
				6A0BC33D27FCAF0B00745B0A /* Release */,
			);
			defaultConfigurationIsVisible = 0;
			defaultConfigurationName = Release;
		};
		6A0BC33E27FCAF0B00745B0A /* Build configuration list for PBXNativeTarget "(final auto extreme)!!!Tests" */ = {
			isa = XCConfigurationList;
			buildConfigurations = (
				6A0BC33F27FCAF0B00745B0A /* Debug */,
				6A0BC34027FCAF0B00745B0A /* Release */,
			);
			defaultConfigurationIsVisible = 0;
			defaultConfigurationName = Release;
		};
		6A0BC34127FCAF0B00745B0A /* Build configuration list for PBXNativeTarget "(final auto extreme)!!!UITests" */ = {
			isa = XCConfigurationList;
			buildConfigurations = (
				6A0BC34227FCAF0B00745B0A /* Debug */,
				6A0BC34327FCAF0B00745B0A /* Release */,
			);
			defaultConfigurationIsVisible = 0;
			defaultConfigurationName = Release;
		};
/* End XCConfigurationList section */
	};
	rootObject = 6A0BC30F27FCAF0A00745B0A /* Project object */;
}
